// !$*UTF8*$!
{
	archiveVersion = 1;
	classes = {
	};
	objectVersion = 55;
	objects = {

/* Begin PBXBuildFile section */
		BE6A3B4329B791AA00C65280 /* AppDelegate.swift in Sources */ = {isa = PBXBuildFile; fileRef = BE6A3B4229B791AA00C65280 /* AppDelegate.swift */; };
		BE6A3B4529B791AA00C65280 /* SceneDelegate.swift in Sources */ = {isa = PBXBuildFile; fileRef = BE6A3B4429B791AA00C65280 /* SceneDelegate.swift */; };
		BE6A3B4729B791AA00C65280 /* ScanerViewController.swift in Sources */ = {isa = PBXBuildFile; fileRef = BE6A3B4629B791AA00C65280 /* ScanerViewController.swift */; };
		BE6A3B4C29B791AC00C65280 /* Assets.xcassets in Resources */ = {isa = PBXBuildFile; fileRef = BE6A3B4B29B791AC00C65280 /* Assets.xcassets */; };
		BE6A3B4F29B791AC00C65280 /* LaunchScreen.storyboard in Resources */ = {isa = PBXBuildFile; fileRef = BE6A3B4D29B791AC00C65280 /* LaunchScreen.storyboard */; };
		BE6A3B5E29B7963C00C65280 /* SnapKit in Frameworks */ = {isa = PBXBuildFile; productRef = BE6A3B5D29B7963C00C65280 /* SnapKit */; };
		BE81E96E29BAE09D00D0D7CE /* ModuleBuilder.swift in Sources */ = {isa = PBXBuildFile; fileRef = BE81E96D29BAE09D00D0D7CE /* ModuleBuilder.swift */; };
		BE81E97229BAE0C600D0D7CE /* Router.swift in Sources */ = {isa = PBXBuildFile; fileRef = BE81E97129BAE0C600D0D7CE /* Router.swift */; };
		BE81E97429BAE0FB00D0D7CE /* ScanerPresenter.swift in Sources */ = {isa = PBXBuildFile; fileRef = BE81E97329BAE0FB00D0D7CE /* ScanerPresenter.swift */; };
/* End PBXBuildFile section */

/* Begin PBXFileReference section */
		BE6A3B3F29B791AA00C65280 /* ScanerQRCode.app */ = {isa = PBXFileReference; explicitFileType = wrapper.application; includeInIndex = 0; path = ScanerQRCode.app; sourceTree = BUILT_PRODUCTS_DIR; };
		BE6A3B4229B791AA00C65280 /* AppDelegate.swift */ = {isa = PBXFileReference; lastKnownFileType = sourcecode.swift; path = AppDelegate.swift; sourceTree = "<group>"; };
		BE6A3B4429B791AA00C65280 /* SceneDelegate.swift */ = {isa = PBXFileReference; lastKnownFileType = sourcecode.swift; path = SceneDelegate.swift; sourceTree = "<group>"; };
		BE6A3B4629B791AA00C65280 /* ScanerViewController.swift */ = {isa = PBXFileReference; lastKnownFileType = sourcecode.swift; path = ScanerViewController.swift; sourceTree = "<group>"; };
		BE6A3B4B29B791AC00C65280 /* Assets.xcassets */ = {isa = PBXFileReference; lastKnownFileType = folder.assetcatalog; path = Assets.xcassets; sourceTree = "<group>"; };
		BE6A3B4E29B791AC00C65280 /* Base */ = {isa = PBXFileReference; lastKnownFileType = file.storyboard; name = Base; path = Base.lproj/LaunchScreen.storyboard; sourceTree = "<group>"; };
		BE6A3B5029B791AC00C65280 /* Info.plist */ = {isa = PBXFileReference; lastKnownFileType = text.plist.xml; path = Info.plist; sourceTree = "<group>"; };
		BE81E96D29BAE09D00D0D7CE /* ModuleBuilder.swift */ = {isa = PBXFileReference; lastKnownFileType = sourcecode.swift; path = ModuleBuilder.swift; sourceTree = "<group>"; };
		BE81E97129BAE0C600D0D7CE /* Router.swift */ = {isa = PBXFileReference; lastKnownFileType = sourcecode.swift; path = Router.swift; sourceTree = "<group>"; };
		BE81E97329BAE0FB00D0D7CE /* ScanerPresenter.swift */ = {isa = PBXFileReference; lastKnownFileType = sourcecode.swift; path = ScanerPresenter.swift; sourceTree = "<group>"; };
/* End PBXFileReference section */

/* Begin PBXFrameworksBuildPhase section */
		BE6A3B3C29B791AA00C65280 /* Frameworks */ = {
			isa = PBXFrameworksBuildPhase;
			buildActionMask = 2147483647;
			files = (
				BE6A3B5E29B7963C00C65280 /* SnapKit in Frameworks */,
			);
			runOnlyForDeploymentPostprocessing = 0;
		};
/* End PBXFrameworksBuildPhase section */

/* Begin PBXGroup section */
		BE6A3B3629B791A900C65280 = {
			isa = PBXGroup;
			children = (
				BE6A3B4129B791AA00C65280 /* ScanerQRCode */,
				BE6A3B4029B791AA00C65280 /* Products */,
			);
			sourceTree = "<group>";
		};
		BE6A3B4029B791AA00C65280 /* Products */ = {
			isa = PBXGroup;
			children = (
				BE6A3B3F29B791AA00C65280 /* ScanerQRCode.app */,
			);
			name = Products;
			sourceTree = "<group>";
		};
		BE6A3B4129B791AA00C65280 /* ScanerQRCode */ = {
			isa = PBXGroup;
			children = (
				BE6A3B5629B7951700C65280 /* Sources */,
				BE6A3B5729B7952400C65280 /* Resources */,
			);
			path = ScanerQRCode;
			sourceTree = "<group>";
		};
		BE6A3B5629B7951700C65280 /* Sources */ = {
			isa = PBXGroup;
			children = (
				BE6A3B5829B7955D00C65280 /* App */,
				BE6A3B5A29B795A600C65280 /* Helpers */,
				BE6A3B5929B7956B00C65280 /* Modules */,
				BE6A3B5B29B795B800C65280 /* Extensions */,
			);
			path = Sources;
			sourceTree = "<group>";
		};
		BE6A3B5729B7952400C65280 /* Resources */ = {
			isa = PBXGroup;
			children = (
				BE6A3B4B29B791AC00C65280 /* Assets.xcassets */,
				BE6A3B4D29B791AC00C65280 /* LaunchScreen.storyboard */,
				BE6A3B5029B791AC00C65280 /* Info.plist */,
			);
			path = Resources;
			sourceTree = "<group>";
		};
		BE6A3B5829B7955D00C65280 /* App */ = {
			isa = PBXGroup;
			children = (
				BE6A3B4229B791AA00C65280 /* AppDelegate.swift */,
				BE6A3B4429B791AA00C65280 /* SceneDelegate.swift */,
			);
			path = App;
			sourceTree = "<group>";
		};
		BE6A3B5929B7956B00C65280 /* Modules */ = {
			isa = PBXGroup;
			children = (
				BE6A3B4629B791AA00C65280 /* ScanerViewController.swift */,
				BE81E97329BAE0FB00D0D7CE /* ScanerPresenter.swift */,
			);
			path = Modules;
			sourceTree = "<group>";
		};
		BE6A3B5A29B795A600C65280 /* Helpers */ = {
			isa = PBXGroup;
			children = (
				BE81E97029BAE0B400D0D7CE /* Router */,
				BE81E96F29BAE0A700D0D7CE /* ModuleBuilder */,
			);
			path = Helpers;
			sourceTree = "<group>";
		};
		BE6A3B5B29B795B800C65280 /* Extensions */ = {
			isa = PBXGroup;
			children = (
			);
			path = Extensions;
			sourceTree = "<group>";
		};
		BE81E96F29BAE0A700D0D7CE /* ModuleBuilder */ = {
			isa = PBXGroup;
			children = (
				BE81E96D29BAE09D00D0D7CE /* ModuleBuilder.swift */,
			);
			path = ModuleBuilder;
			sourceTree = "<group>";
		};
		BE81E97029BAE0B400D0D7CE /* Router */ = {
			isa = PBXGroup;
			children = (
				BE81E97129BAE0C600D0D7CE /* Router.swift */,
			);
			path = Router;
			sourceTree = "<group>";
		};
/* End PBXGroup section */

/* Begin PBXNativeTarget section */
		BE6A3B3E29B791AA00C65280 /* ScanerQRCode */ = {
			isa = PBXNativeTarget;
			buildConfigurationList = BE6A3B5329B791AC00C65280 /* Build configuration list for PBXNativeTarget "ScanerQRCode" */;
			buildPhases = (
				BE6A3B3B29B791AA00C65280 /* Sources */,
				BE6A3B3C29B791AA00C65280 /* Frameworks */,
				BE6A3B3D29B791AA00C65280 /* Resources */,
			);
			buildRules = (
			);
			dependencies = (
			);
			name = ScanerQRCode;
			packageProductDependencies = (
				BE6A3B5D29B7963C00C65280 /* SnapKit */,
			);
			productName = ScanerQRCode;
			productReference = BE6A3B3F29B791AA00C65280 /* ScanerQRCode.app */;
			productType = "com.apple.product-type.application";
		};
/* End PBXNativeTarget section */

/* Begin PBXProject section */
		BE6A3B3729B791A900C65280 /* Project object */ = {
			isa = PBXProject;
			attributes = {
				BuildIndependentTargetsInParallel = 1;
				LastSwiftUpdateCheck = 1320;
				LastUpgradeCheck = 1320;
				TargetAttributes = {
					BE6A3B3E29B791AA00C65280 = {
						CreatedOnToolsVersion = 13.2.1;
					};
				};
			};
			buildConfigurationList = BE6A3B3A29B791A900C65280 /* Build configuration list for PBXProject "ScanerQRCode" */;
			compatibilityVersion = "Xcode 13.0";
			developmentRegion = en;
			hasScannedForEncodings = 0;
			knownRegions = (
				en,
				Base,
			);
			mainGroup = BE6A3B3629B791A900C65280;
			packageReferences = (
				BE6A3B5C29B7963C00C65280 /* XCRemoteSwiftPackageReference "SnapKit" */,
			);
			productRefGroup = BE6A3B4029B791AA00C65280 /* Products */;
			projectDirPath = "";
			projectRoot = "";
			targets = (
				BE6A3B3E29B791AA00C65280 /* ScanerQRCode */,
			);
		};
/* End PBXProject section */

/* Begin PBXResourcesBuildPhase section */
		BE6A3B3D29B791AA00C65280 /* Resources */ = {
			isa = PBXResourcesBuildPhase;
			buildActionMask = 2147483647;
			files = (
				BE6A3B4F29B791AC00C65280 /* LaunchScreen.storyboard in Resources */,
				BE6A3B4C29B791AC00C65280 /* Assets.xcassets in Resources */,
			);
			runOnlyForDeploymentPostprocessing = 0;
		};
/* End PBXResourcesBuildPhase section */

/* Begin PBXSourcesBuildPhase section */
		BE6A3B3B29B791AA00C65280 /* Sources */ = {
			isa = PBXSourcesBuildPhase;
			buildActionMask = 2147483647;
			files = (
				BE6A3B4729B791AA00C65280 /* ScanerViewController.swift in Sources */,
				BE6A3B4329B791AA00C65280 /* AppDelegate.swift in Sources */,
				BE81E97429BAE0FB00D0D7CE /* ScanerPresenter.swift in Sources */,
				BE81E97229BAE0C600D0D7CE /* Router.swift in Sources */,
				BE6A3B4529B791AA00C65280 /* SceneDelegate.swift in Sources */,
				BE81E96E29BAE09D00D0D7CE /* ModuleBuilder.swift in Sources */,
			);
			runOnlyForDeploymentPostprocessing = 0;
		};
/* End PBXSourcesBuildPhase section */

/* Begin PBXVariantGroup section */
		BE6A3B4D29B791AC00C65280 /* LaunchScreen.storyboard */ = {
			isa = PBXVariantGroup;
			children = (
				BE6A3B4E29B791AC00C65280 /* Base */,
			);
			name = LaunchScreen.storyboard;
			sourceTree = "<group>";
		};
/* End PBXVariantGroup section */

/* Begin XCBuildConfiguration section */
		BE6A3B5129B791AC00C65280 /* Debug */ = {
			isa = XCBuildConfiguration;
			buildSettings = {
				ALWAYS_SEARCH_USER_PATHS = NO;
				CLANG_ANALYZER_NONNULL = YES;
				CLANG_ANALYZER_NUMBER_OBJECT_CONVERSION = YES_AGGRESSIVE;
				CLANG_CXX_LANGUAGE_STANDARD = "gnu++17";
				CLANG_CXX_LIBRARY = "libc++";
				CLANG_ENABLE_MODULES = YES;
				CLANG_ENABLE_OBJC_ARC = YES;
				CLANG_ENABLE_OBJC_WEAK = YES;
				CLANG_WARN_BLOCK_CAPTURE_AUTORELEASING = YES;
				CLANG_WARN_BOOL_CONVERSION = YES;
				CLANG_WARN_COMMA = YES;
				CLANG_WARN_CONSTANT_CONVERSION = YES;
				CLANG_WARN_DEPRECATED_OBJC_IMPLEMENTATIONS = YES;
				CLANG_WARN_DIRECT_OBJC_ISA_USAGE = YES_ERROR;
				CLANG_WARN_DOCUMENTATION_COMMENTS = YES;
				CLANG_WARN_EMPTY_BODY = YES;
				CLANG_WARN_ENUM_CONVERSION = YES;
				CLANG_WARN_INFINITE_RECURSION = YES;
				CLANG_WARN_INT_CONVERSION = YES;
				CLANG_WARN_NON_LITERAL_NULL_CONVERSION = YES;
				CLANG_WARN_OBJC_IMPLICIT_RETAIN_SELF = YES;
				CLANG_WARN_OBJC_LITERAL_CONVERSION = YES;
				CLANG_WARN_OBJC_ROOT_CLASS = YES_ERROR;
				CLANG_WARN_QUOTED_INCLUDE_IN_FRAMEWORK_HEADER = YES;
				CLANG_WARN_RANGE_LOOP_ANALYSIS = YES;
				CLANG_WARN_STRICT_PROTOTYPES = YES;
				CLANG_WARN_SUSPICIOUS_MOVE = YES;
				CLANG_WARN_UNGUARDED_AVAILABILITY = YES_AGGRESSIVE;
				CLANG_WARN_UNREACHABLE_CODE = YES;
				CLANG_WARN__DUPLICATE_METHOD_MATCH = YES;
				COPY_PHASE_STRIP = NO;
				DEBUG_INFORMATION_FORMAT = dwarf;
				ENABLE_STRICT_OBJC_MSGSEND = YES;
				ENABLE_TESTABILITY = YES;
				GCC_C_LANGUAGE_STANDARD = gnu11;
				GCC_DYNAMIC_NO_PIC = NO;
				GCC_NO_COMMON_BLOCKS = YES;
				GCC_OPTIMIZATION_LEVEL = 0;
				GCC_PREPROCESSOR_DEFINITIONS = (
					"DEBUG=1",
					"$(inherited)",
				);
				GCC_WARN_64_TO_32_BIT_CONVERSION = YES;
				GCC_WARN_ABOUT_RETURN_TYPE = YES_ERROR;
				GCC_WARN_UNDECLARED_SELECTOR = YES;
				GCC_WARN_UNINITIALIZED_AUTOS = YES_AGGRESSIVE;
				GCC_WARN_UNUSED_FUNCTION = YES;
				GCC_WARN_UNUSED_VARIABLE = YES;
				IPHONEOS_DEPLOYMENT_TARGET = 15.2;
				MTL_ENABLE_DEBUG_INFO = INCLUDE_SOURCE;
				MTL_FAST_MATH = YES;
				ONLY_ACTIVE_ARCH = YES;
				SDKROOT = iphoneos;
				SWIFT_ACTIVE_COMPILATION_CONDITIONS = DEBUG;
				SWIFT_OPTIMIZATION_LEVEL = "-Onone";
			};
			name = Debug;
		};
		BE6A3B5229B791AC00C65280 /* Release */ = {
			isa = XCBuildConfiguration;
			buildSettings = {
				ALWAYS_SEARCH_USER_PATHS = NO;
				CLANG_ANALYZER_NONNULL = YES;
				CLANG_ANALYZER_NUMBER_OBJECT_CONVERSION = YES_AGGRESSIVE;
				CLANG_CXX_LANGUAGE_STANDARD = "gnu++17";
				CLANG_CXX_LIBRARY = "libc++";
				CLANG_ENABLE_MODULES = YES;
				CLANG_ENABLE_OBJC_ARC = YES;
				CLANG_ENABLE_OBJC_WEAK = YES;
				CLANG_WARN_BLOCK_CAPTURE_AUTORELEASING = YES;
				CLANG_WARN_BOOL_CONVERSION = YES;
				CLANG_WARN_COMMA = YES;
				CLANG_WARN_CONSTANT_CONVERSION = YES;
				CLANG_WARN_DEPRECATED_OBJC_IMPLEMENTATIONS = YES;
				CLANG_WARN_DIRECT_OBJC_ISA_USAGE = YES_ERROR;
				CLANG_WARN_DOCUMENTATION_COMMENTS = YES;
				CLANG_WARN_EMPTY_BODY = YES;
				CLANG_WARN_ENUM_CONVERSION = YES;
				CLANG_WARN_INFINITE_RECURSION = YES;
				CLANG_WARN_INT_CONVERSION = YES;
				CLANG_WARN_NON_LITERAL_NULL_CONVERSION = YES;
				CLANG_WARN_OBJC_IMPLICIT_RETAIN_SELF = YES;
				CLANG_WARN_OBJC_LITERAL_CONVERSION = YES;
				CLANG_WARN_OBJC_ROOT_CLASS = YES_ERROR;
				CLANG_WARN_QUOTED_INCLUDE_IN_FRAMEWORK_HEADER = YES;
				CLANG_WARN_RANGE_LOOP_ANALYSIS = YES;
				CLANG_WARN_STRICT_PROTOTYPES = YES;
				CLANG_WARN_SUSPICIOUS_MOVE = YES;
				CLANG_WARN_UNGUARDED_AVAILABILITY = YES_AGGRESSIVE;
				CLANG_WARN_UNREACHABLE_CODE = YES;
				CLANG_WARN__DUPLICATE_METHOD_MATCH = YES;
				COPY_PHASE_STRIP = NO;
				DEBUG_INFORMATION_FORMAT = "dwarf-with-dsym";
				ENABLE_NS_ASSERTIONS = NO;
				ENABLE_STRICT_OBJC_MSGSEND = YES;
				GCC_C_LANGUAGE_STANDARD = gnu11;
				GCC_NO_COMMON_BLOCKS = YES;
				GCC_WARN_64_TO_32_BIT_CONVERSION = YES;
				GCC_WARN_ABOUT_RETURN_TYPE = YES_ERROR;
				GCC_WARN_UNDECLARED_SELECTOR = YES;
				GCC_WARN_UNINITIALIZED_AUTOS = YES_AGGRESSIVE;
				GCC_WARN_UNUSED_FUNCTION = YES;
				GCC_WARN_UNUSED_VARIABLE = YES;
				IPHONEOS_DEPLOYMENT_TARGET = 15.2;
				MTL_ENABLE_DEBUG_INFO = NO;
				MTL_FAST_MATH = YES;
				SDKROOT = iphoneos;
				SWIFT_COMPILATION_MODE = wholemodule;
				SWIFT_OPTIMIZATION_LEVEL = "-O";
				VALIDATE_PRODUCT = YES;
			};
			name = Release;
		};
		BE6A3B5429B791AC00C65280 /* Debug */ = {
			isa = XCBuildConfiguration;
			buildSettings = {
				ASSETCATALOG_COMPILER_APPICON_NAME = AppIcon;
				ASSETCATALOG_COMPILER_GLOBAL_ACCENT_COLOR_NAME = AccentColor;
				CODE_SIGN_STYLE = Automatic;
				CURRENT_PROJECT_VERSION = 1;
				DEVELOPMENT_TEAM = 65ZD43WNWU;
				GENERATE_INFOPLIST_FILE = YES;
				INFOPLIST_FILE = ScanerQRCode/Resources/Info.plist;
				INFOPLIST_KEY_UIApplicationSupportsIndirectInputEvents = YES;
				INFOPLIST_KEY_UILaunchStoryboardName = LaunchScreen;
				INFOPLIST_KEY_UISupportedInterfaceOrientations_iPad = "UIInterfaceOrientationPortrait UIInterfaceOrientationPortraitUpsideDown UIInterfaceOrientationLandscapeLeft UIInterfaceOrientationLandscapeRight";
				INFOPLIST_KEY_UISupportedInterfaceOrientations_iPhone = "UIInterfaceOrientationPortrait UIInterfaceOrientationLandscapeLeft UIInterfaceOrientationLandscapeRight";
				LD_RUNPATH_SEARCH_PATHS = (
					"$(inherited)",
					"@executable_path/Frameworks",
				);
				MARKETING_VERSION = 1.0;
				PRODUCT_BUNDLE_IDENTIFIER = viktorBasiev.ScanerQRCode;
				PRODUCT_NAME = "$(TARGET_NAME)";
				SWIFT_EMIT_LOC_STRINGS = YES;
				SWIFT_VERSION = 5.0;
				TARGETED_DEVICE_FAMILY = "1,2";
			};
			name = Debug;
		};
		BE6A3B5529B791AC00C65280 /* Release */ = {
			isa = XCBuildConfiguration;
			buildSettings = {
				ASSETCATALOG_COMPILER_APPICON_NAME = AppIcon;
				ASSETCATALOG_COMPILER_GLOBAL_ACCENT_COLOR_NAME = AccentColor;
				CODE_SIGN_STYLE = Automatic;
				CURRENT_PROJECT_VERSION = 1;
				DEVELOPMENT_TEAM = 65ZD43WNWU;
				GENERATE_INFOPLIST_FILE = YES;
				INFOPLIST_FILE = ScanerQRCode/Resources/Info.plist;
				INFOPLIST_KEY_UIApplicationSupportsIndirectInputEvents = YES;
				INFOPLIST_KEY_UILaunchStoryboardName = LaunchScreen;
				INFOPLIST_KEY_UISupportedInterfaceOrientations_iPad = "UIInterfaceOrientationPortrait UIInterfaceOrientationPortraitUpsideDown UIInterfaceOrientationLandscapeLeft UIInterfaceOrientationLandscapeRight";
				INFOPLIST_KEY_UISupportedInterfaceOrientations_iPhone = "UIInterfaceOrientationPortrait UIInterfaceOrientationLandscapeLeft UIInterfaceOrientationLandscapeRight";
				LD_RUNPATH_SEARCH_PATHS = (
					"$(inherited)",
					"@executable_path/Frameworks",
				);
				MARKETING_VERSION = 1.0;
				PRODUCT_BUNDLE_IDENTIFIER = viktorBasiev.ScanerQRCode;
				PRODUCT_NAME = "$(TARGET_NAME)";
				SWIFT_EMIT_LOC_STRINGS = YES;
				SWIFT_VERSION = 5.0;
				TARGETED_DEVICE_FAMILY = "1,2";
			};
			name = Release;
		};
/* End XCBuildConfiguration section */

/* Begin XCConfigurationList section */
		BE6A3B3A29B791A900C65280 /* Build configuration list for PBXProject "ScanerQRCode" */ = {
			isa = XCConfigurationList;
			buildConfigurations = (
				BE6A3B5129B791AC00C65280 /* Debug */,
				BE6A3B5229B791AC00C65280 /* Release */,
			);
			defaultConfigurationIsVisible = 0;
			defaultConfigurationName = Release;
		};
		BE6A3B5329B791AC00C65280 /* Build configuration list for PBXNativeTarget "ScanerQRCode" */ = {
			isa = XCConfigurationList;
			buildConfigurations = (
				BE6A3B5429B791AC00C65280 /* Debug */,
				BE6A3B5529B791AC00C65280 /* Release */,
			);
			defaultConfigurationIsVisible = 0;
			defaultConfigurationName = Release;
		};
/* End XCConfigurationList section */

/* Begin XCRemoteSwiftPackageReference section */
		BE6A3B5C29B7963C00C65280 /* XCRemoteSwiftPackageReference "SnapKit" */ = {
			isa = XCRemoteSwiftPackageReference;
			repositoryURL = "https://github.com/SnapKit/SnapKit.git";
			requirement = {
				branch = develop;
				kind = branch;
			};
		};
/* End XCRemoteSwiftPackageReference section */

/* Begin XCSwiftPackageProductDependency section */
		BE6A3B5D29B7963C00C65280 /* SnapKit */ = {
			isa = XCSwiftPackageProductDependency;
			package = BE6A3B5C29B7963C00C65280 /* XCRemoteSwiftPackageReference "SnapKit" */;
			productName = SnapKit;
		};
/* End XCSwiftPackageProductDependency section */
	};
	rootObject = BE6A3B3729B791A900C65280 /* Project object */;
}
